
Microsoft Visual Studio Solution File, Format Version 12.00
# Visual Studio Version 16
VisualStudioVersion = 16.0.30717.126
MinimumVisualStudioVersion = 10.0.40219.1
Project("{FAE04EC0-301F-11D3-BF4B-00C04F79EFBC}") = "Task4", "Task4\Task4.csproj", "{74F7BE57-D528-4AB2-9DF1-3915A6006C4B}"
EndProject
Project("{FAE04EC0-301F-11D3-BF4B-00C04F79EFBC}") = "Task5", "Task5\Task5.csproj", "{CA56A8A4-3F46-4407-B5E5-CCD25B3F97C9}"
EndProject
Project("{FAE04EC0-301F-11D3-BF4B-00C04F79EFBC}") = "Task9", "Task9\Task9.csproj", "{AE403495-9F26-4DF9-97C4-C6428402FF8C}"
EndProject
Global
	GlobalSection(SolutionConfigurationPlatforms) = preSolution
		Debug|Any CPU = Debug|Any CPU
		Release|Any CPU = Release|Any CPU
	EndGlobalSection
	GlobalSection(ProjectConfigurationPlatforms) = postSolution
		{74F7BE57-D528-4AB2-9DF1-3915A6006C4B}.Debug|Any CPU.ActiveCfg = Debug|Any CPU
		{74F7BE57-D528-4AB2-9DF1-3915A6006C4B}.Debug|Any CPU.Build.0 = Debug|Any CPU
		{74F7BE57-D528-4AB2-9DF1-3915A6006C4B}.Release|Any CPU.ActiveCfg = Release|Any CPU
		{74F7BE57-D528-4AB2-9DF1-3915A6006C4B}.Release|Any CPU.Build.0 = Release|Any CPU
		{CA56A8A4-3F46-4407-B5E5-CCD25B3F97C9}.Debug|Any CPU.ActiveCfg = Debug|Any CPU
		{CA56A8A4-3F46-4407-B5E5-CCD25B3F97C9}.Debug|Any CPU.Build.0 = Debug|Any CPU
		{CA56A8A4-3F46-4407-B5E5-CCD25B3F97C9}.Release|Any CPU.ActiveCfg = Release|Any CPU
		{CA56A8A4-3F46-4407-B5E5-CCD25B3F97C9}.Release|Any CPU.Build.0 = Release|Any CPU
		{AE403495-9F26-4DF9-97C4-C6428402FF8C}.Debug|Any CPU.ActiveCfg = Debug|Any CPU
		{AE403495-9F26-4DF9-97C4-C6428402FF8C}.Debug|Any CPU.Build.0 = Debug|Any CPU
		{AE403495-9F26-4DF9-97C4-C6428402FF8C}.Release|Any CPU.ActiveCfg = Release|Any CPU
		{AE403495-9F26-4DF9-97C4-C6428402FF8C}.Release|Any CPU.Build.0 = Release|Any CPU
	EndGlobalSection
	GlobalSection(SolutionProperties) = preSolution
		HideSolutionNode = FALSE
	EndGlobalSection
	GlobalSection(ExtensibilityGlobals) = postSolution
		SolutionGuid = {1629D9AC-FF5E-4253-B584-8C63F14444B0}
	EndGlobalSection
EndGlobal
