
Microsoft Visual Studio Solution File, Format Version 12.00
# Visual Studio Version 16
VisualStudioVersion = 16.0.30717.126
MinimumVisualStudioVersion = 10.0.40219.1
Project("{FAE04EC0-301F-11D3-BF4B-00C04F79EFBC}") = "Task1", "Task1\Task1.csproj", "{1A76E8DC-599C-4342-9041-1E2825DEF319}"
EndProject
Project("{FAE04EC0-301F-11D3-BF4B-00C04F79EFBC}") = "Task2", "Task2\Task2.csproj", "{AF9F01D4-0851-42BE-B914-E2FFC5EE7690}"
EndProject
Project("{FAE04EC0-301F-11D3-BF4B-00C04F79EFBC}") = "MyLib", "MyLib\MyLib.csproj", "{91102530-35E1-48DF-B1E2-C42427340039}"
EndProject
Project("{FAE04EC0-301F-11D3-BF4B-00C04F79EFBC}") = "Task3", "Task3\Task3.csproj", "{F384EF33-F836-4E7B-ACBE-74AA59D2F045}"
EndProject
Project("{FAE04EC0-301F-11D3-BF4B-00C04F79EFBC}") = "Task4", "Task4\Task4.csproj", "{A14B11F3-1CA9-4334-8884-40C6CC538D8C}"
EndProject
Global
	GlobalSection(SolutionConfigurationPlatforms) = preSolution
		Debug|Any CPU = Debug|Any CPU
		Release|Any CPU = Release|Any CPU
	EndGlobalSection
	GlobalSection(ProjectConfigurationPlatforms) = postSolution
		{1A76E8DC-599C-4342-9041-1E2825DEF319}.Debug|Any CPU.ActiveCfg = Debug|Any CPU
		{1A76E8DC-599C-4342-9041-1E2825DEF319}.Debug|Any CPU.Build.0 = Debug|Any CPU
		{1A76E8DC-599C-4342-9041-1E2825DEF319}.Release|Any CPU.ActiveCfg = Release|Any CPU
		{1A76E8DC-599C-4342-9041-1E2825DEF319}.Release|Any CPU.Build.0 = Release|Any CPU
		{AF9F01D4-0851-42BE-B914-E2FFC5EE7690}.Debug|Any CPU.ActiveCfg = Debug|Any CPU
		{AF9F01D4-0851-42BE-B914-E2FFC5EE7690}.Debug|Any CPU.Build.0 = Debug|Any CPU
		{AF9F01D4-0851-42BE-B914-E2FFC5EE7690}.Release|Any CPU.ActiveCfg = Release|Any CPU
		{AF9F01D4-0851-42BE-B914-E2FFC5EE7690}.Release|Any CPU.Build.0 = Release|Any CPU
		{91102530-35E1-48DF-B1E2-C42427340039}.Debug|Any CPU.ActiveCfg = Debug|Any CPU
		{91102530-35E1-48DF-B1E2-C42427340039}.Debug|Any CPU.Build.0 = Debug|Any CPU
		{91102530-35E1-48DF-B1E2-C42427340039}.Release|Any CPU.ActiveCfg = Release|Any CPU
		{91102530-35E1-48DF-B1E2-C42427340039}.Release|Any CPU.Build.0 = Release|Any CPU
		{F384EF33-F836-4E7B-ACBE-74AA59D2F045}.Debug|Any CPU.ActiveCfg = Debug|Any CPU
		{F384EF33-F836-4E7B-ACBE-74AA59D2F045}.Debug|Any CPU.Build.0 = Debug|Any CPU
		{F384EF33-F836-4E7B-ACBE-74AA59D2F045}.Release|Any CPU.ActiveCfg = Release|Any CPU
		{F384EF33-F836-4E7B-ACBE-74AA59D2F045}.Release|Any CPU.Build.0 = Release|Any CPU
		{A14B11F3-1CA9-4334-8884-40C6CC538D8C}.Debug|Any CPU.ActiveCfg = Debug|Any CPU
		{A14B11F3-1CA9-4334-8884-40C6CC538D8C}.Debug|Any CPU.Build.0 = Debug|Any CPU
		{A14B11F3-1CA9-4334-8884-40C6CC538D8C}.Release|Any CPU.ActiveCfg = Release|Any CPU
		{A14B11F3-1CA9-4334-8884-40C6CC538D8C}.Release|Any CPU.Build.0 = Release|Any CPU
	EndGlobalSection
	GlobalSection(SolutionProperties) = preSolution
		HideSolutionNode = FALSE
	EndGlobalSection
	GlobalSection(ExtensibilityGlobals) = postSolution
		SolutionGuid = {5042DD60-D294-4349-97B7-814D55E1A87C}
	EndGlobalSection
EndGlobal
