
Microsoft Visual Studio Solution File, Format Version 12.00
# Visual Studio Version 16
VisualStudioVersion = 16.0.30611.23
MinimumVisualStudioVersion = 10.0.40219.1
Project("{FAE04EC0-301F-11D3-BF4B-00C04F79EFBC}") = "Task3", "Task3\Task3.csproj", "{AD7B4085-D13A-4645-8F9D-126655F8655A}"
EndProject
Project("{FAE04EC0-301F-11D3-BF4B-00C04F79EFBC}") = "Task5", "Task5\Task5.csproj", "{2EDF721B-AAC4-4781-BF9A-DE6376F6ED89}"
EndProject
Global
	GlobalSection(SolutionConfigurationPlatforms) = preSolution
		Debug|Any CPU = Debug|Any CPU
		Release|Any CPU = Release|Any CPU
	EndGlobalSection
	GlobalSection(ProjectConfigurationPlatforms) = postSolution
		{AD7B4085-D13A-4645-8F9D-126655F8655A}.Debug|Any CPU.ActiveCfg = Debug|Any CPU
		{AD7B4085-D13A-4645-8F9D-126655F8655A}.Debug|Any CPU.Build.0 = Debug|Any CPU
		{AD7B4085-D13A-4645-8F9D-126655F8655A}.Release|Any CPU.ActiveCfg = Release|Any CPU
		{AD7B4085-D13A-4645-8F9D-126655F8655A}.Release|Any CPU.Build.0 = Release|Any CPU
		{2EDF721B-AAC4-4781-BF9A-DE6376F6ED89}.Debug|Any CPU.ActiveCfg = Debug|Any CPU
		{2EDF721B-AAC4-4781-BF9A-DE6376F6ED89}.Debug|Any CPU.Build.0 = Debug|Any CPU
		{2EDF721B-AAC4-4781-BF9A-DE6376F6ED89}.Release|Any CPU.ActiveCfg = Release|Any CPU
		{2EDF721B-AAC4-4781-BF9A-DE6376F6ED89}.Release|Any CPU.Build.0 = Release|Any CPU
	EndGlobalSection
	GlobalSection(SolutionProperties) = preSolution
		HideSolutionNode = FALSE
	EndGlobalSection
	GlobalSection(ExtensibilityGlobals) = postSolution
		SolutionGuid = {DA30D5D1-469D-4ECB-AFE5-94C6683BB92E}
	EndGlobalSection
EndGlobal
