
Microsoft Visual Studio Solution File, Format Version 12.00
# Visual Studio Version 16
VisualStudioVersion = 16.0.30907.101
MinimumVisualStudioVersion = 10.0.40219.1
Project("{FAE04EC0-301F-11D3-BF4B-00C04F79EFBC}") = "LinkedListAndStack", "LinkedListAndStack\LinkedListAndStack.csproj", "{B905C77C-B794-4D90-8B29-AADC4475EC02}"
EndProject
Project("{FAE04EC0-301F-11D3-BF4B-00C04F79EFBC}") = "Brackets", "Brackets\Brackets.csproj", "{FA08F112-A780-44D7-9B70-F15350F323F8}"
EndProject
Project("{FAE04EC0-301F-11D3-BF4B-00C04F79EFBC}") = "Brackets2", "Brackets2\Brackets2.csproj", "{552BC471-E56C-470A-A85E-27F23BE02313}"
EndProject
Project("{FAE04EC0-301F-11D3-BF4B-00C04F79EFBC}") = "PassengerQueue", "PassengerQueue\PassengerQueue.csproj", "{43E06F3F-1480-4593-825C-15906EE4881C}"
EndProject
Project("{FAE04EC0-301F-11D3-BF4B-00C04F79EFBC}") = "LinkedList", "LinkedList\LinkedList.csproj", "{8D91C728-0C69-4076-B5DC-21544BA82A6D}"
EndProject
Global
	GlobalSection(SolutionConfigurationPlatforms) = preSolution
		Debug|Any CPU = Debug|Any CPU
		Release|Any CPU = Release|Any CPU
	EndGlobalSection
	GlobalSection(ProjectConfigurationPlatforms) = postSolution
		{B905C77C-B794-4D90-8B29-AADC4475EC02}.Debug|Any CPU.ActiveCfg = Debug|Any CPU
		{B905C77C-B794-4D90-8B29-AADC4475EC02}.Debug|Any CPU.Build.0 = Debug|Any CPU
		{B905C77C-B794-4D90-8B29-AADC4475EC02}.Release|Any CPU.ActiveCfg = Release|Any CPU
		{B905C77C-B794-4D90-8B29-AADC4475EC02}.Release|Any CPU.Build.0 = Release|Any CPU
		{FA08F112-A780-44D7-9B70-F15350F323F8}.Debug|Any CPU.ActiveCfg = Debug|Any CPU
		{FA08F112-A780-44D7-9B70-F15350F323F8}.Debug|Any CPU.Build.0 = Debug|Any CPU
		{FA08F112-A780-44D7-9B70-F15350F323F8}.Release|Any CPU.ActiveCfg = Release|Any CPU
		{FA08F112-A780-44D7-9B70-F15350F323F8}.Release|Any CPU.Build.0 = Release|Any CPU
		{552BC471-E56C-470A-A85E-27F23BE02313}.Debug|Any CPU.ActiveCfg = Debug|Any CPU
		{552BC471-E56C-470A-A85E-27F23BE02313}.Debug|Any CPU.Build.0 = Debug|Any CPU
		{552BC471-E56C-470A-A85E-27F23BE02313}.Release|Any CPU.ActiveCfg = Release|Any CPU
		{552BC471-E56C-470A-A85E-27F23BE02313}.Release|Any CPU.Build.0 = Release|Any CPU
		{43E06F3F-1480-4593-825C-15906EE4881C}.Debug|Any CPU.ActiveCfg = Debug|Any CPU
		{43E06F3F-1480-4593-825C-15906EE4881C}.Debug|Any CPU.Build.0 = Debug|Any CPU
		{43E06F3F-1480-4593-825C-15906EE4881C}.Release|Any CPU.ActiveCfg = Release|Any CPU
		{43E06F3F-1480-4593-825C-15906EE4881C}.Release|Any CPU.Build.0 = Release|Any CPU
		{8D91C728-0C69-4076-B5DC-21544BA82A6D}.Debug|Any CPU.ActiveCfg = Debug|Any CPU
		{8D91C728-0C69-4076-B5DC-21544BA82A6D}.Debug|Any CPU.Build.0 = Debug|Any CPU
		{8D91C728-0C69-4076-B5DC-21544BA82A6D}.Release|Any CPU.ActiveCfg = Release|Any CPU
		{8D91C728-0C69-4076-B5DC-21544BA82A6D}.Release|Any CPU.Build.0 = Release|Any CPU
	EndGlobalSection
	GlobalSection(SolutionProperties) = preSolution
		HideSolutionNode = FALSE
	EndGlobalSection
	GlobalSection(ExtensibilityGlobals) = postSolution
		SolutionGuid = {4A87B50D-A55E-4156-8955-E05F5A23150B}
	EndGlobalSection
EndGlobal
